
Microsoft Visual Studio Solution File, Format Version 12.00
# Visual Studio Version 17
VisualStudioVersion = 17.4.33103.184
MinimumVisualStudioVersion = 10.0.40219.1
Project("{FAE04EC0-301F-11D3-BF4B-00C04F79EFBC}") = "ejercicio2.10", "ejercicio2.10\ejercicio2.10.csproj", "{94B8E0F2-65E9-424D-AD9A-45A6F5A95066}"
EndProject
Global
	GlobalSection(SolutionConfigurationPlatforms) = preSolution
		Debug|Any CPU = Debug|Any CPU
		Release|Any CPU = Release|Any CPU
	EndGlobalSection
	GlobalSection(ProjectConfigurationPlatforms) = postSolution
		{94B8E0F2-65E9-424D-AD9A-45A6F5A95066}.Debug|Any CPU.ActiveCfg = Debug|Any CPU
		{94B8E0F2-65E9-424D-AD9A-45A6F5A95066}.Debug|Any CPU.Build.0 = Debug|Any CPU
		{94B8E0F2-65E9-424D-AD9A-45A6F5A95066}.Release|Any CPU.ActiveCfg = Release|Any CPU
		{94B8E0F2-65E9-424D-AD9A-45A6F5A95066}.Release|Any CPU.Build.0 = Release|Any CPU
	EndGlobalSection
	GlobalSection(SolutionProperties) = preSolution
		HideSolutionNode = FALSE
	EndGlobalSection
	GlobalSection(ExtensibilityGlobals) = postSolution
		SolutionGuid = {6E81BE78-658F-4B1F-B0DA-4704753DA7BB}
	EndGlobalSection
EndGlobal
